{
  "name": "@tds/community-toggle-switch",
  "version": "2.0.0",
  "lockfileVersion": 1,
  "requires": true,
  "dependencies": {
    "@tds/core-a11y-content": {
      "version": "2.1.1",
      "resolved": "https://registry.npmjs.org/@tds/core-a11y-content/-/core-a11y-content-2.1.1.tgz",
      "integrity": "sha512-HNDgBgmOub0C4g0KSYW0dgOD3iyLe+omU3PBIgol/PBlVvVfwCpOcIr0M1CV72yzRIjn6Gfybhf7e3eCmlB2WA==",
      "requires": {
        "@tds/util-helpers": "^1.2.0",
        "prop-types": "^15.5.10"
      }
    },
    "@tds/core-box": {
      "version": "1.2.4",
      "resolved": "https://registry.npmjs.org/@tds/core-box/-/core-box-1.2.4.tgz",
      "integrity": "sha512-zdUzr6Q8EjCIURZicrwEyLVtNSN7cEkK5oT6IJB9Za7DmGiGBP8gGakkiD44mlHqopVTnIVET3mValEsO2dkNg==",
      "requires": {
        "prop-types": "^15.5.10"
      }
    },
    "@tds/core-colours": {
      "version": "1.1.2",
      "resolved": "https://registry.npmjs.org/@tds/core-colours/-/core-colours-1.1.2.tgz",
      "integrity": "sha512-92O8uC6JcViFp/oIdo5Lvxo+nXKcVJYgU+NTPdqX8bSqkel45ea3N1K/+OHTWPQ3sWN7QgocuLBY7LDcbrN9jg=="
    },
    "@tds/core-responsive": {
      "version": "1.3.1",
      "resolved": "https://registry.npmjs.org/@tds/core-responsive/-/core-responsive-1.3.1.tgz",
      "integrity": "sha512-nk9+e6EHM8cddGQC56wZdpVO1FKiUy2N+vRhfaZWx3Qe3NQ52B7chibJcTmNyvNKrIEewF9inWfmF/VL6Tc5ig==",
      "requires": {
        "prop-types": "^15.5.10",
        "sass-mq": "^5.0.0"
      }
    },
    "@tds/core-spinner": {
      "version": "3.1.5",
      "resolved": "https://registry.npmjs.org/@tds/core-spinner/-/core-spinner-3.1.5.tgz",
      "integrity": "sha512-e1qSNqM5VDxkOJoSKpVYPewrZNKLPiMpEFXfC7KE4O9m9/w9coXKlxX3GDCFZwPDIoOwtLQaT8qp5SlIjFE1jQ==",
      "requires": {
        "@tds/core-colours": "^2.2.1",
        "@tds/core-responsive": "^1.3.1",
        "@tds/core-text": "^3.0.0",
        "@tds/shared-styles": "^1.5.2",
        "@tds/util-helpers": "^1.2.0",
        "prop-types": "^15.5.10"
      },
      "dependencies": {
        "@tds/core-colours": {
          "version": "2.2.1",
          "resolved": "https://registry.npmjs.org/@tds/core-colours/-/core-colours-2.2.1.tgz",
          "integrity": "sha512-5ZW1Ru3LdlhFP2iU+n0fX6/5dlC6TT4l28XO88hRre0C81NtApVy+6pHVNpG+24VqQGCWG1LMG3/qkjnJvVrtw=="
        },
        "@tds/core-text": {
          "version": "3.0.0",
          "resolved": "https://registry.npmjs.org/@tds/core-text/-/core-text-3.0.0.tgz",
          "integrity": "sha512-ENM4ZSAvoRNHxeB01OVLwDnif4qcdtWovYZR5zH4r32OBIu4gw/uy4hkqeoW2sHGav47dAyWFS3R+9fs5U06wQ==",
          "requires": {
            "@tds/shared-typography": "^1.3.5",
            "@tds/util-helpers": "^1.2.0",
            "prop-types": "^15.5.10"
          }
        }
      }
    },
    "@tds/core-standalone-icon": {
      "version": "2.1.8",
      "resolved": "https://registry.npmjs.org/@tds/core-standalone-icon/-/core-standalone-icon-2.1.8.tgz",
      "integrity": "sha512-U55WoHnLVo7iR8h5e5ajC9H0t9KXnT0dUhYSOHshDkmxJDmI4JUwh+E425xbHV9S9gHz9cxIOJUBgqJEWJVKtQ==",
      "requires": {
        "@tds/core-a11y-content": "^2.1.1",
        "@tds/shared-styles": "^1.5.2",
        "@tds/util-helpers": "^1.2.0",
        "prop-types": "^15.5.10"
      }
    },
    "@tds/core-text": {
      "version": "1.1.0",
      "resolved": "https://registry.npmjs.org/@tds/core-text/-/core-text-1.1.0.tgz",
      "integrity": "sha512-hEC4hQuu5XPBwCxGxoist4Z+M8fn4cBTuAXU7rawNEE6oH5vqmHdgl/KNineI1kSQTkCubMtKrB3avnLM5COwg==",
      "requires": {
        "@tds/shared-typography": "^1.3.0",
        "prop-types": "^15.5.10"
      }
    },
    "@tds/core-tooltip": {
      "version": "4.2.4",
      "resolved": "https://registry.npmjs.org/@tds/core-tooltip/-/core-tooltip-4.2.4.tgz",
      "integrity": "sha512-gK2XjUnyTqEkf5axgFukYbd23ghr87i2+VoBSSbCtU9fYIZj9lmi2R1bfdvqH5CSh3RCSsYcyr8v6wdRNMPkAA==",
      "requires": {
        "@tds/core-box": "^2.0.2",
        "@tds/core-responsive": "^1.3.1",
        "@tds/core-standalone-icon": "^2.1.8",
        "@tds/core-text": "^3.0.0",
        "@tds/shared-hocs": "^1.2.0",
        "@tds/shared-styles": "^1.5.2",
        "@tds/util-helpers": "^1.2.0",
        "prop-types": "^15.5.10"
      },
      "dependencies": {
        "@tds/core-box": {
          "version": "2.0.2",
          "resolved": "https://registry.npmjs.org/@tds/core-box/-/core-box-2.0.2.tgz",
          "integrity": "sha512-lcI21gHPLTmjIkq/4J3xOqSFA7ZQkHFS4K7eZnQ9U9sQwomy1fZ2XzZCcDTCLEWwzu32YDXkx4iMmRzZ5tZWFQ==",
          "requires": {
            "@tds/core-responsive": "^1.3.1",
            "prop-types": "^15.5.10"
          }
        },
        "@tds/core-text": {
          "version": "3.0.0",
          "resolved": "https://registry.npmjs.org/@tds/core-text/-/core-text-3.0.0.tgz",
          "integrity": "sha512-ENM4ZSAvoRNHxeB01OVLwDnif4qcdtWovYZR5zH4r32OBIu4gw/uy4hkqeoW2sHGav47dAyWFS3R+9fs5U06wQ==",
          "requires": {
            "@tds/shared-typography": "^1.3.5",
            "@tds/util-helpers": "^1.2.0",
            "prop-types": "^15.5.10"
          }
        }
      }
    },
    "@tds/shared-hocs": {
      "version": "1.2.0",
      "resolved": "https://registry.npmjs.org/@tds/shared-hocs/-/shared-hocs-1.2.0.tgz",
      "integrity": "sha512-94X7yuwbFrzIRtQnRsuMNNmSk82HorYM6olcDINyPzjwkwUhn1MaUL4/zkUi/DBQOwSJCxMJM/uH+bOqhqHTdA=="
    },
    "@tds/shared-styles": {
      "version": "1.5.2",
      "resolved": "https://registry.npmjs.org/@tds/shared-styles/-/shared-styles-1.5.2.tgz",
      "integrity": "sha512-vS9gqljuYIwKj3lAXt/uBB2FC9dkFoFF2348Y3oeLSfZ3KSvnUa5uj5nwOcEV/tacuLpMc5792loW9NOIdRrtg==",
      "requires": {
        "@tds/core-colours": "^2.2.1",
        "@tds/shared-typography": "^1.3.5"
      },
      "dependencies": {
        "@tds/core-colours": {
          "version": "2.2.1",
          "resolved": "https://registry.npmjs.org/@tds/core-colours/-/core-colours-2.2.1.tgz",
          "integrity": "sha512-5ZW1Ru3LdlhFP2iU+n0fX6/5dlC6TT4l28XO88hRre0C81NtApVy+6pHVNpG+24VqQGCWG1LMG3/qkjnJvVrtw=="
        }
      }
    },
    "@tds/shared-typography": {
      "version": "1.3.5",
      "resolved": "https://registry.npmjs.org/@tds/shared-typography/-/shared-typography-1.3.5.tgz",
      "integrity": "sha512-XuaRKp5L3z57kgDMHm6q1w5XiVp7dAN9oMwEvXmTdXEjoHP3vgADibauAIePr5lL53hJaHQnS2CvWxjKWuFk5g=="
    },
    "@tds/util-helpers": {
      "version": "1.2.0",
      "resolved": "https://registry.npmjs.org/@tds/util-helpers/-/util-helpers-1.2.0.tgz",
      "integrity": "sha512-ZKenziD/u2GZbIi/pgtezr3jXUmb49Jjr+3t5vQP0/FKaY4V4Du8dc7UPq/yGBF4MKzSHzIeaaDyo+fZwFTjZw=="
    },
    "js-tokens": {
      "version": "4.0.0",
      "resolved": "https://registry.npmjs.org/js-tokens/-/js-tokens-4.0.0.tgz",
      "integrity": "sha512-RdJUflcE3cUzKiMqQgsCu06FPu9UdIJO0beYbPhHN4k6apgJtifcoCtT9bcxOpYBtpD2kCM6Sbzg4CausW/PKQ=="
    },
    "loose-envify": {
      "version": "1.4.0",
      "resolved": "https://registry.npmjs.org/loose-envify/-/loose-envify-1.4.0.tgz",
      "integrity": "sha512-lyuxPGr/Wfhrlem2CL/UcnUc1zcqKAImBDzukY7Y5F/yQiNdko6+fRLevlw1HgMySw7f611UIY408EtxRSoK3Q==",
      "requires": {
        "js-tokens": "^3.0.0 || ^4.0.0"
      }
    },
    "object-assign": {
      "version": "4.1.1",
      "resolved": "https://registry.npmjs.org/object-assign/-/object-assign-4.1.1.tgz",
      "integrity": "sha1-IQmtx5ZYh8/AXLvUQsrIv7s2CGM="
    },
    "prop-types": {
      "version": "15.7.2",
      "resolved": "https://registry.npmjs.org/prop-types/-/prop-types-15.7.2.tgz",
      "integrity": "sha512-8QQikdH7//R2vurIJSutZ1smHYTcLpRWEOlHnzcWHmBYrOGUysKwSsrC89BCiFj3CbrfJ/nXFdJepOVrY1GCHQ==",
      "requires": {
        "loose-envify": "^1.4.0",
        "object-assign": "^4.1.1",
        "react-is": "^16.8.1"
      }
    },
    "react-is": {
      "version": "16.12.0",
      "resolved": "https://registry.npmjs.org/react-is/-/react-is-16.12.0.tgz",
      "integrity": "sha512-rPCkf/mWBtKc97aLL9/txD8DZdemK0vkA3JMLShjlJB3Pj3s+lpf1KaBzMfQrAmhMQB0n1cU/SUGgKKBCe837Q=="
    },
    "sass-mq": {
      "version": "5.0.1",
      "resolved": "https://registry.npmjs.org/sass-mq/-/sass-mq-5.0.1.tgz",
      "integrity": "sha512-ugSVZO5fzasSFrGfKCtY02spnkOOfo9U9sXuzCuSXoCl1CgcoqdJRdNmigZkhvRVph1GKM6o0pgI00Jjc445CA=="
    }
  }
}
