{
	"name": "@tds/community-side-navigation",
	"version": "1.0.2",
	"lockfileVersion": 1,
	"requires": true,
	"dependencies": {
		"@tds/core-colours": {
			"version": "1.1.1",
			"resolved": "https://registry.npmjs.org/@tds/core-colours/-/core-colours-1.1.1.tgz",
			"integrity": "sha512-IV13ZwdSy18HSuIZtXxLxiaf4kwOZ0L15pkUcrXII2eZYq0IyIY0u9RYGOQlkuufdbJCuSOMGyPr5fG/JfIw0A==",
			"dev": true
		}
	}
}
