{
  "name": "@tds/community-skeleton-provider",
  "version": "1.0.0-dev",
  "lockfileVersion": 1,
  "requires": true,
  "dependencies": {
    "@tds/core-colours": {
      "version": "1.0.1",
      "resolved": "https://registry.npmjs.org/@tds/core-colours/-/core-colours-1.0.1.tgz",
      "integrity": "sha512-0YhT90N2Z0ptf2zsTS+kWqEj19+COrmoJfR3eHH/p8nRlMcK/nc+9FrWuzIMV/Yk5olB9a5ettrSN0UA3fwskw==",
      "dev": true
    }
  }
}
