{
	"name": "@tds/community-skeleton-provider",
	"version": "1.0.1",
	"lockfileVersion": 1,
	"requires": true,
	"dependencies": {
		"@tds/core-colours": {
			"version": "2.1.0",
			"resolved": "https://registry.npmjs.org/@tds/core-colours/-/core-colours-2.1.0.tgz",
			"integrity": "sha512-G4SdEqg/LSAcwzICsROmNjT/UitdPLVHP+DkowpugFTp2mv7j9HbyvB8s4MHS9qgkn6yLoHu/Na5xhipPQydjQ=="
		}
	}
}
