{
	"name": "@tds/community-date-picker",
	"version": "1.0.0",
	"lockfileVersion": 1,
	"requires": true,
	"dependencies": {
		"@tds/core-colours": {
			"version": "2.1.0",
			"resolved": "https://registry.npmjs.org/@tds/core-colours/-/core-colours-2.1.0.tgz",
			"integrity": "sha512-G4SdEqg/LSAcwzICsROmNjT/UitdPLVHP+DkowpugFTp2mv7j9HbyvB8s4MHS9qgkn6yLoHu/Na5xhipPQydjQ=="
		},
		"@tds/core-decorative-icon": {
			"version": "1.3.0",
			"resolved": "https://registry.npmjs.org/@tds/core-decorative-icon/-/core-decorative-icon-1.3.0.tgz",
			"integrity": "sha512-o6+bRb9IAKDIZ2iWc2+YvSJns4odmm4fub3kf7qJ90vdhW0UvoRu4S8zs/jix1iFAGVCyLuhoVxMzQdTxUUlqw==",
			"requires": {
				"prop-types": "^15.5.10"
			}
		},
		"@tds/core-responsive": {
			"version": "1.3.3",
			"resolved": "https://registry.npmjs.org/@tds/core-responsive/-/core-responsive-1.3.3.tgz",
			"integrity": "sha512-3T6Lf9s+D9CojcwI0Ig9kgAqsrD+enb0v9IyHD4ozbjY/lsD6NySxfuH1Twu+gjZEaWxdOoVtIvIHhtp487+YQ==",
			"requires": {
				"prop-types": "^15.5.10",
				"sass-mq": "^5.0.0"
			}
		},
		"@tds/shared-typography": {
			"version": "1.3.5",
			"resolved": "https://registry.npmjs.org/@tds/shared-typography/-/shared-typography-1.3.5.tgz",
			"integrity": "sha512-XuaRKp5L3z57kgDMHm6q1w5XiVp7dAN9oMwEvXmTdXEjoHP3vgADibauAIePr5lL53hJaHQnS2CvWxjKWuFk5g=="
		},
		"@tds/util-helpers": {
			"version": "1.4.2",
			"resolved": "https://registry.npmjs.org/@tds/util-helpers/-/util-helpers-1.4.2.tgz",
			"integrity": "sha512-MiRzz5tsKQCO23yk0UBng8lHIDmT2D4fqtdA4JKc/JEXWNRKILt21rdXE0UqQIDM71yK2EMGeh84qlfEFjI9Xg==",
			"requires": {
				"@tds/core-responsive": "^1.3.3"
			}
		},
		"airbnb-prop-types": {
			"version": "2.15.0",
			"resolved": "https://registry.npmjs.org/airbnb-prop-types/-/airbnb-prop-types-2.15.0.tgz",
			"integrity": "sha512-jUh2/hfKsRjNFC4XONQrxo/n/3GG4Tn6Hl0WlFQN5PY9OMC9loSCoAYKnZsWaP8wEfd5xcrPloK0Zg6iS1xwVA==",
			"requires": {
				"array.prototype.find": "^2.1.0",
				"function.prototype.name": "^1.1.1",
				"has": "^1.0.3",
				"is-regex": "^1.0.4",
				"object-is": "^1.0.1",
				"object.assign": "^4.1.0",
				"object.entries": "^1.1.0",
				"prop-types": "^15.7.2",
				"prop-types-exact": "^1.2.0",
				"react-is": "^16.9.0"
			}
		},
		"array.prototype.find": {
			"version": "2.1.0",
			"resolved": "https://registry.npmjs.org/array.prototype.find/-/array.prototype.find-2.1.0.tgz",
			"integrity": "sha512-Wn41+K1yuO5p7wRZDl7890c3xvv5UBrfVXTVIe28rSQb6LS0fZMDrQB6PAcxQFRFy6vJTLDc3A2+3CjQdzVKRg==",
			"requires": {
				"define-properties": "^1.1.3",
				"es-abstract": "^1.13.0"
			}
		},
		"array.prototype.flat": {
			"version": "1.2.3",
			"resolved": "https://registry.npmjs.org/array.prototype.flat/-/array.prototype.flat-1.2.3.tgz",
			"integrity": "sha512-gBlRZV0VSmfPIeWfuuy56XZMvbVfbEUnOXUvt3F/eUUUSyzlgLxhEX4YAEpxNAogRGehPSnfXyPtYyKAhkzQhQ==",
			"requires": {
				"define-properties": "^1.1.3",
				"es-abstract": "^1.17.0-next.1"
			}
		},
		"brcast": {
			"version": "2.0.2",
			"resolved": "https://registry.npmjs.org/brcast/-/brcast-2.0.2.tgz",
			"integrity": "sha512-Tfn5JSE7hrUlFcOoaLzVvkbgIemIorMIyoMr3TgvszWW7jFt2C9PdeMLtysYD9RU0MmU17b69+XJG1eRY2OBRg=="
		},
		"consolidated-events": {
			"version": "2.0.2",
			"resolved": "https://registry.npmjs.org/consolidated-events/-/consolidated-events-2.0.2.tgz",
			"integrity": "sha512-2/uRVMdRypf5z/TW/ncD/66l75P5hH2vM/GR8Jf8HLc2xnfJtmina6F6du8+v4Z2vTrMo7jC+W1tmEEuuELgkQ=="
		},
		"deepmerge": {
			"version": "1.5.2",
			"resolved": "https://registry.npmjs.org/deepmerge/-/deepmerge-1.5.2.tgz",
			"integrity": "sha512-95k0GDqvBjZavkuvzx/YqVLv/6YYa17fz6ILMSf7neqQITCPbnfEnQvEgMPNjH4kgobe7+WIL0yJEHku+H3qtQ=="
		},
		"define-properties": {
			"version": "1.1.3",
			"resolved": "https://registry.npmjs.org/define-properties/-/define-properties-1.1.3.tgz",
			"integrity": "sha512-3MqfYKj2lLzdMSf8ZIZE/V+Zuy+BgD6f164e8K2w7dgnpKArBDerGYpM46IYYcjnkdPNMjPk9A6VFB8+3SKlXQ==",
			"requires": {
				"object-keys": "^1.0.12"
			}
		},
		"direction": {
			"version": "1.0.4",
			"resolved": "https://registry.npmjs.org/direction/-/direction-1.0.4.tgz",
			"integrity": "sha512-GYqKi1aH7PJXxdhTeZBFrg8vUBeKXi+cNprXsC1kpJcbcVnV9wBsrOu1cQEdG0WeQwlfHiy3XvnKfIrJ2R0NzQ=="
		},
		"document.contains": {
			"version": "1.0.1",
			"resolved": "https://registry.npmjs.org/document.contains/-/document.contains-1.0.1.tgz",
			"integrity": "sha512-A1KqlZq1w605bwiiLqVZehWE9S9UYlUXPoduFWi64pNVNQ9vy6wwH/7BS+iEfSlF1YyZgcg5PZw5HqDi7FCrUw==",
			"requires": {
				"define-properties": "^1.1.3"
			}
		},
		"enzyme-shallow-equal": {
			"version": "1.0.1",
			"resolved": "https://registry.npmjs.org/enzyme-shallow-equal/-/enzyme-shallow-equal-1.0.1.tgz",
			"integrity": "sha512-hGA3i1so8OrYOZSM9whlkNmVHOicJpsjgTzC+wn2JMJXhq1oO4kA4bJ5MsfzSIcC71aLDKzJ6gZpIxrqt3QTAQ==",
			"requires": {
				"has": "^1.0.3",
				"object-is": "^1.0.2"
			}
		},
		"es-abstract": {
			"version": "1.17.4",
			"resolved": "https://registry.npmjs.org/es-abstract/-/es-abstract-1.17.4.tgz",
			"integrity": "sha512-Ae3um/gb8F0mui/jPL+QiqmglkUsaQf7FwBEHYIFkztkneosu9imhqHpBzQ3h1vit8t5iQ74t6PEVvphBZiuiQ==",
			"requires": {
				"es-to-primitive": "^1.2.1",
				"function-bind": "^1.1.1",
				"has": "^1.0.3",
				"has-symbols": "^1.0.1",
				"is-callable": "^1.1.5",
				"is-regex": "^1.0.5",
				"object-inspect": "^1.7.0",
				"object-keys": "^1.1.1",
				"object.assign": "^4.1.0",
				"string.prototype.trimleft": "^2.1.1",
				"string.prototype.trimright": "^2.1.1"
			}
		},
		"es-to-primitive": {
			"version": "1.2.1",
			"resolved": "https://registry.npmjs.org/es-to-primitive/-/es-to-primitive-1.2.1.tgz",
			"integrity": "sha512-QCOllgZJtaUo9miYBcLChTUaHNjJF3PYs1VidD7AwiEj1kYxKeQTctLAezAOH5ZKRH0g2IgPn6KwB4IT8iRpvA==",
			"requires": {
				"is-callable": "^1.1.4",
				"is-date-object": "^1.0.1",
				"is-symbol": "^1.0.2"
			}
		},
		"function-bind": {
			"version": "1.1.1",
			"resolved": "https://registry.npmjs.org/function-bind/-/function-bind-1.1.1.tgz",
			"integrity": "sha512-yIovAzMX49sF8Yl58fSCWJ5svSLuaibPxXQJFLmBObTuCr0Mf1KiPopGM9NiFjiYBCbfaa2Fh6breQ6ANVTI0A=="
		},
		"function.prototype.name": {
			"version": "1.1.2",
			"resolved": "https://registry.npmjs.org/function.prototype.name/-/function.prototype.name-1.1.2.tgz",
			"integrity": "sha512-C8A+LlHBJjB2AdcRPorc5JvJ5VUoWlXdEHLOJdCI7kjHEtGTpHQUiqMvCIKUwIsGwZX2jZJy761AXsn356bJQg==",
			"requires": {
				"define-properties": "^1.1.3",
				"es-abstract": "^1.17.0-next.1",
				"functions-have-names": "^1.2.0"
			}
		},
		"functions-have-names": {
			"version": "1.2.1",
			"resolved": "https://registry.npmjs.org/functions-have-names/-/functions-have-names-1.2.1.tgz",
			"integrity": "sha512-j48B/ZI7VKs3sgeI2cZp7WXWmZXu7Iq5pl5/vptV5N2mq+DGFuS/ulaDjtaoLpYzuD6u8UgrUKHfgo7fDTSiBA=="
		},
		"global-cache": {
			"version": "1.2.1",
			"resolved": "https://registry.npmjs.org/global-cache/-/global-cache-1.2.1.tgz",
			"integrity": "sha512-EOeUaup5DgWKlCMhA9YFqNRIlZwoxt731jCh47WBV9fQqHgXhr3Fa55hfgIUqilIcPsfdNKN7LHjrNY+Km40KA==",
			"requires": {
				"define-properties": "^1.1.2",
				"is-symbol": "^1.0.1"
			}
		},
		"has": {
			"version": "1.0.3",
			"resolved": "https://registry.npmjs.org/has/-/has-1.0.3.tgz",
			"integrity": "sha512-f2dvO0VU6Oej7RkWJGrehjbzMAjFp5/VKPp5tTpWIV4JHHZK1/BxbFRtf/siA2SWTe09caDmVtYYzWEIbBS4zw==",
			"requires": {
				"function-bind": "^1.1.1"
			}
		},
		"has-symbols": {
			"version": "1.0.1",
			"resolved": "https://registry.npmjs.org/has-symbols/-/has-symbols-1.0.1.tgz",
			"integrity": "sha512-PLcsoqu++dmEIZB+6totNFKq/7Do+Z0u4oT0zKOJNl3lYK6vGwwu2hjHs+68OEZbTjiUE9bgOABXbP/GvrS0Kg=="
		},
		"hoist-non-react-statics": {
			"version": "3.3.2",
			"resolved": "https://registry.npmjs.org/hoist-non-react-statics/-/hoist-non-react-statics-3.3.2.tgz",
			"integrity": "sha512-/gGivxi8JPKWNm/W0jSmzcMPpfpPLc3dY/6GxhX2hQ9iGj3aDfklV4ET7NjKpSinLpJ5vafa9iiGIEZg10SfBw==",
			"requires": {
				"react-is": "^16.7.0"
			}
		},
		"is-callable": {
			"version": "1.1.5",
			"resolved": "https://registry.npmjs.org/is-callable/-/is-callable-1.1.5.tgz",
			"integrity": "sha512-ESKv5sMCJB2jnHTWZ3O5itG+O128Hsus4K4Qh1h2/cgn2vbgnLSVqfV46AeJA9D5EeeLa9w81KUXMtn34zhX+Q=="
		},
		"is-date-object": {
			"version": "1.0.2",
			"resolved": "https://registry.npmjs.org/is-date-object/-/is-date-object-1.0.2.tgz",
			"integrity": "sha512-USlDT524woQ08aoZFzh3/Z6ch9Y/EWXEHQ/AaRN0SkKq4t2Jw2R2339tSXmwuVoY7LLlBCbOIlx2myP/L5zk0g=="
		},
		"is-regex": {
			"version": "1.0.5",
			"resolved": "https://registry.npmjs.org/is-regex/-/is-regex-1.0.5.tgz",
			"integrity": "sha512-vlKW17SNq44owv5AQR3Cq0bQPEb8+kF3UKZ2fiZNOWtztYE5i0CzCZxFDwO58qAOWtxdBRVO/V5Qin1wjCqFYQ==",
			"requires": {
				"has": "^1.0.3"
			}
		},
		"is-symbol": {
			"version": "1.0.3",
			"resolved": "https://registry.npmjs.org/is-symbol/-/is-symbol-1.0.3.tgz",
			"integrity": "sha512-OwijhaRSgqvhm/0ZdAcXNZt9lYdKFpcRDT5ULUuYXPoT794UNOdU+gpT6Rzo7b4V2HUl/op6GqY894AZwv9faQ==",
			"requires": {
				"has-symbols": "^1.0.1"
			}
		},
		"is-touch-device": {
			"version": "1.0.1",
			"resolved": "https://registry.npmjs.org/is-touch-device/-/is-touch-device-1.0.1.tgz",
			"integrity": "sha512-LAYzo9kMT1b2p19L/1ATGt2XcSilnzNlyvq6c0pbPRVisLbAPpLqr53tIJS00kvrTkj0HtR8U7+u8X0yR8lPSw=="
		},
		"js-tokens": {
			"version": "4.0.0",
			"resolved": "https://registry.npmjs.org/js-tokens/-/js-tokens-4.0.0.tgz",
			"integrity": "sha512-RdJUflcE3cUzKiMqQgsCu06FPu9UdIJO0beYbPhHN4k6apgJtifcoCtT9bcxOpYBtpD2kCM6Sbzg4CausW/PKQ=="
		},
		"lodash": {
			"version": "4.17.15",
			"resolved": "https://registry.npmjs.org/lodash/-/lodash-4.17.15.tgz",
			"integrity": "sha512-8xOcRHvCjnocdS5cpwXQXVzmmh5e5+saE2QGoeQmbKmRS6J3VQppPOIt0MnmE+4xlZoumy0GPG0D0MVIQbNA1A=="
		},
		"loose-envify": {
			"version": "1.4.0",
			"resolved": "https://registry.npmjs.org/loose-envify/-/loose-envify-1.4.0.tgz",
			"integrity": "sha512-lyuxPGr/Wfhrlem2CL/UcnUc1zcqKAImBDzukY7Y5F/yQiNdko6+fRLevlw1HgMySw7f611UIY408EtxRSoK3Q==",
			"requires": {
				"js-tokens": "^3.0.0 || ^4.0.0"
			}
		},
		"moment": {
			"version": "2.24.0",
			"resolved": "https://registry.npmjs.org/moment/-/moment-2.24.0.tgz",
			"integrity": "sha512-bV7f+6l2QigeBBZSM/6yTNq4P2fNpSWj/0e7jQcy87A8e7o2nAfP/34/2ky5Vw4B9S446EtIhodAzkFCcR4dQg=="
		},
		"object-assign": {
			"version": "4.1.1",
			"resolved": "https://registry.npmjs.org/object-assign/-/object-assign-4.1.1.tgz",
			"integrity": "sha1-IQmtx5ZYh8/AXLvUQsrIv7s2CGM="
		},
		"object-inspect": {
			"version": "1.7.0",
			"resolved": "https://registry.npmjs.org/object-inspect/-/object-inspect-1.7.0.tgz",
			"integrity": "sha512-a7pEHdh1xKIAgTySUGgLMx/xwDZskN1Ud6egYYN3EdRW4ZMPNEDUTF+hwy2LUC+Bl+SyLXANnwz/jyh/qutKUw=="
		},
		"object-is": {
			"version": "1.0.2",
			"resolved": "https://registry.npmjs.org/object-is/-/object-is-1.0.2.tgz",
			"integrity": "sha512-Epah+btZd5wrrfjkJZq1AOB9O6OxUQto45hzFd7lXGrpHPGE0W1k+426yrZV+k6NJOzLNNW/nVsmZdIWsAqoOQ=="
		},
		"object-keys": {
			"version": "1.1.1",
			"resolved": "https://registry.npmjs.org/object-keys/-/object-keys-1.1.1.tgz",
			"integrity": "sha512-NuAESUOUMrlIXOfHKzD6bpPu3tYt3xvjNdRIQ+FeT0lNb4K8WR70CaDxhuNguS2XG+GjkyMwOzsN5ZktImfhLA=="
		},
		"object.assign": {
			"version": "4.1.0",
			"resolved": "https://registry.npmjs.org/object.assign/-/object.assign-4.1.0.tgz",
			"integrity": "sha512-exHJeq6kBKj58mqGyTQ9DFvrZC/eR6OwxzoM9YRoGBqrXYonaFyGiFMuc9VZrXf7DarreEwMpurG3dd+CNyW5w==",
			"requires": {
				"define-properties": "^1.1.2",
				"function-bind": "^1.1.1",
				"has-symbols": "^1.0.0",
				"object-keys": "^1.0.11"
			}
		},
		"object.entries": {
			"version": "1.1.1",
			"resolved": "https://registry.npmjs.org/object.entries/-/object.entries-1.1.1.tgz",
			"integrity": "sha512-ilqR7BgdyZetJutmDPfXCDffGa0/Yzl2ivVNpbx/g4UeWrCdRnFDUBrKJGLhGieRHDATnyZXWBeCb29k9CJysQ==",
			"requires": {
				"define-properties": "^1.1.3",
				"es-abstract": "^1.17.0-next.1",
				"function-bind": "^1.1.1",
				"has": "^1.0.3"
			}
		},
		"object.values": {
			"version": "1.1.1",
			"resolved": "https://registry.npmjs.org/object.values/-/object.values-1.1.1.tgz",
			"integrity": "sha512-WTa54g2K8iu0kmS/us18jEmdv1a4Wi//BZ/DTVYEcH0XhLM5NYdpDHja3gt57VrZLcNAO2WGA+KpWsDBaHt6eA==",
			"requires": {
				"define-properties": "^1.1.3",
				"es-abstract": "^1.17.0-next.1",
				"function-bind": "^1.1.1",
				"has": "^1.0.3"
			}
		},
		"performance-now": {
			"version": "2.1.0",
			"resolved": "https://registry.npmjs.org/performance-now/-/performance-now-2.1.0.tgz",
			"integrity": "sha1-Ywn04OX6kT7BxpMHrjZLSzd8nns="
		},
		"prop-types": {
			"version": "15.7.2",
			"resolved": "https://registry.npmjs.org/prop-types/-/prop-types-15.7.2.tgz",
			"integrity": "sha512-8QQikdH7//R2vurIJSutZ1smHYTcLpRWEOlHnzcWHmBYrOGUysKwSsrC89BCiFj3CbrfJ/nXFdJepOVrY1GCHQ==",
			"requires": {
				"loose-envify": "^1.4.0",
				"object-assign": "^4.1.1",
				"react-is": "^16.8.1"
			}
		},
		"prop-types-exact": {
			"version": "1.2.0",
			"resolved": "https://registry.npmjs.org/prop-types-exact/-/prop-types-exact-1.2.0.tgz",
			"integrity": "sha512-K+Tk3Kd9V0odiXFP9fwDHUYRyvK3Nun3GVyPapSIs5OBkITAm15W0CPFD/YKTkMUAbc0b9CUwRQp2ybiBIq+eA==",
			"requires": {
				"has": "^1.0.3",
				"object.assign": "^4.1.0",
				"reflect.ownkeys": "^0.2.0"
			}
		},
		"raf": {
			"version": "3.4.1",
			"resolved": "https://registry.npmjs.org/raf/-/raf-3.4.1.tgz",
			"integrity": "sha512-Sq4CW4QhwOHE8ucn6J34MqtZCeWFP2aQSmrlroYgqAV1PjStIhJXxYuTgUIfkEk7zTLjmIjLmU5q+fbD1NnOJA==",
			"requires": {
				"performance-now": "^2.1.0"
			}
		},
		"react-dates": {
			"version": "21.8.0",
			"resolved": "https://registry.npmjs.org/react-dates/-/react-dates-21.8.0.tgz",
			"integrity": "sha512-PPriGqi30CtzZmoHiGdhlA++YPYPYGCZrhydYmXXQ6RAvAsaONcPtYgXRTLozIOrsQ5mSo40+DiA5eOFHnZ6xw==",
			"requires": {
				"airbnb-prop-types": "^2.15.0",
				"consolidated-events": "^1.1.1 || ^2.0.0",
				"enzyme-shallow-equal": "^1.0.0",
				"is-touch-device": "^1.0.1",
				"lodash": "^4.1.1",
				"object.assign": "^4.1.0",
				"object.values": "^1.1.0",
				"prop-types": "^15.7.2",
				"raf": "^3.4.1",
				"react-moment-proptypes": "^1.6.0",
				"react-outside-click-handler": "^1.2.4",
				"react-portal": "^4.2.0",
				"react-with-direction": "^1.3.1",
				"react-with-styles": "^4.1.0",
				"react-with-styles-interface-css": "^6.0.0"
			}
		},
		"react-is": {
			"version": "16.12.0",
			"resolved": "https://registry.npmjs.org/react-is/-/react-is-16.12.0.tgz",
			"integrity": "sha512-rPCkf/mWBtKc97aLL9/txD8DZdemK0vkA3JMLShjlJB3Pj3s+lpf1KaBzMfQrAmhMQB0n1cU/SUGgKKBCe837Q=="
		},
		"react-moment-proptypes": {
			"version": "1.7.0",
			"resolved": "https://registry.npmjs.org/react-moment-proptypes/-/react-moment-proptypes-1.7.0.tgz",
			"integrity": "sha512-ZbOn/P4u469WEGAw5hgkS/E+g1YZqdves2BjYsLluJobzUZCtManhjHiZKjniBVT7MSHM6D/iKtRVzlXVv3ikA==",
			"requires": {
				"moment": ">=1.6.0"
			}
		},
		"react-outside-click-handler": {
			"version": "1.3.0",
			"resolved": "https://registry.npmjs.org/react-outside-click-handler/-/react-outside-click-handler-1.3.0.tgz",
			"integrity": "sha512-Te/7zFU0oHpAnctl//pP3hEAeobfeHMyygHB8MnjP6sX5OR8KHT1G3jmLsV3U9RnIYo+Yn+peJYWu+D5tUS8qQ==",
			"requires": {
				"airbnb-prop-types": "^2.15.0",
				"consolidated-events": "^1.1.1 || ^2.0.0",
				"document.contains": "^1.0.1",
				"object.values": "^1.1.0",
				"prop-types": "^15.7.2"
			}
		},
		"react-portal": {
			"version": "4.2.1",
			"resolved": "https://registry.npmjs.org/react-portal/-/react-portal-4.2.1.tgz",
			"integrity": "sha512-fE9kOBagwmTXZ3YGRYb4gcMy+kSA+yLO0xnPankjRlfBv4uCpFXqKPfkpsGQQR15wkZ9EssnvTOl1yMzbkxhPQ==",
			"requires": {
				"prop-types": "^15.5.8"
			}
		},
		"react-with-direction": {
			"version": "1.3.1",
			"resolved": "https://registry.npmjs.org/react-with-direction/-/react-with-direction-1.3.1.tgz",
			"integrity": "sha512-aGcM21ZzhqeXFvDCfPj0rVNYuaVXfTz5D3Rbn0QMz/unZe+CCiLHthrjQWO7s6qdfXORgYFtmS7OVsRgSk5LXQ==",
			"requires": {
				"airbnb-prop-types": "^2.10.0",
				"brcast": "^2.0.2",
				"deepmerge": "^1.5.2",
				"direction": "^1.0.2",
				"hoist-non-react-statics": "^3.3.0",
				"object.assign": "^4.1.0",
				"object.values": "^1.0.4",
				"prop-types": "^15.6.2"
			}
		},
		"react-with-styles": {
			"version": "4.1.0",
			"resolved": "https://registry.npmjs.org/react-with-styles/-/react-with-styles-4.1.0.tgz",
			"integrity": "sha512-zp05fyA6XFetqr07ox/a0bCFyEj//gUozI9cC1GW59zaGJ38STnxYvzotutgpzMyHOd7TFW9ZiZeBKjsYaS+RQ==",
			"requires": {
				"airbnb-prop-types": "^2.14.0",
				"hoist-non-react-statics": "^3.2.1",
				"object.assign": "^4.1.0",
				"prop-types": "^15.7.2",
				"react-with-direction": "^1.3.1"
			}
		},
		"react-with-styles-interface-css": {
			"version": "6.0.0",
			"resolved": "https://registry.npmjs.org/react-with-styles-interface-css/-/react-with-styles-interface-css-6.0.0.tgz",
			"integrity": "sha512-6khSG1Trf4L/uXOge/ZAlBnq2O2PEXlQEqAhCRbvzaQU4sksIkdwpCPEl6d+DtP3+IdhyffTWuHDO9lhe1iYvA==",
			"requires": {
				"array.prototype.flat": "^1.2.1",
				"global-cache": "^1.2.1"
			}
		},
		"reflect.ownkeys": {
			"version": "0.2.0",
			"resolved": "https://registry.npmjs.org/reflect.ownkeys/-/reflect.ownkeys-0.2.0.tgz",
			"integrity": "sha1-dJrO7H8/34tj+SegSAnpDFwLNGA="
		},
		"sass-mq": {
			"version": "5.0.1",
			"resolved": "https://registry.npmjs.org/sass-mq/-/sass-mq-5.0.1.tgz",
			"integrity": "sha512-ugSVZO5fzasSFrGfKCtY02spnkOOfo9U9sXuzCuSXoCl1CgcoqdJRdNmigZkhvRVph1GKM6o0pgI00Jjc445CA=="
		},
		"string.prototype.trimleft": {
			"version": "2.1.1",
			"resolved": "https://registry.npmjs.org/string.prototype.trimleft/-/string.prototype.trimleft-2.1.1.tgz",
			"integrity": "sha512-iu2AGd3PuP5Rp7x2kEZCrB2Nf41ehzh+goo8TV7z8/XDBbsvc6HQIlUl9RjkZ4oyrW1XM5UwlGl1oVEaDjg6Ag==",
			"requires": {
				"define-properties": "^1.1.3",
				"function-bind": "^1.1.1"
			}
		},
		"string.prototype.trimright": {
			"version": "2.1.1",
			"resolved": "https://registry.npmjs.org/string.prototype.trimright/-/string.prototype.trimright-2.1.1.tgz",
			"integrity": "sha512-qFvWL3/+QIgZXVmJBfpHmxLB7xsUXz6HsUmP8+5dRaC3Q7oKUv9Vo6aMCRZC1smrtyECFsIT30PqBJ1gTjAs+g==",
			"requires": {
				"define-properties": "^1.1.3",
				"function-bind": "^1.1.1"
			}
		}
	}
}
