{
	"name": "@tds/community-calendar",
	"version": "1.0.0-preview",
	"lockfileVersion": 1,
	"requires": true,
	"dependencies": {
		"@tds/core-colours": {
			"version": "1.1.2",
			"resolved": "https://registry.npmjs.org/@tds/core-colours/-/core-colours-1.1.2.tgz",
			"integrity": "sha512-92O8uC6JcViFp/oIdo5Lvxo+nXKcVJYgU+NTPdqX8bSqkel45ea3N1K/+OHTWPQ3sWN7QgocuLBY7LDcbrN9jg=="
		},
		"@tds/core-decorative-icon": {
			"version": "1.3.0",
			"resolved": "https://registry.npmjs.org/@tds/core-decorative-icon/-/core-decorative-icon-1.3.0.tgz",
			"integrity": "sha512-o6+bRb9IAKDIZ2iWc2+YvSJns4odmm4fub3kf7qJ90vdhW0UvoRu4S8zs/jix1iFAGVCyLuhoVxMzQdTxUUlqw==",
			"requires": {
				"prop-types": "^15.5.10"
			},
			"dependencies": {
				"js-tokens": {
					"version": "4.0.0",
					"resolved": "https://registry.npmjs.org/js-tokens/-/js-tokens-4.0.0.tgz",
					"integrity": "sha512-RdJUflcE3cUzKiMqQgsCu06FPu9UdIJO0beYbPhHN4k6apgJtifcoCtT9bcxOpYBtpD2kCM6Sbzg4CausW/PKQ=="
				},
				"loose-envify": {
					"version": "1.4.0",
					"resolved": "https://registry.npmjs.org/loose-envify/-/loose-envify-1.4.0.tgz",
					"integrity": "sha512-lyuxPGr/Wfhrlem2CL/UcnUc1zcqKAImBDzukY7Y5F/yQiNdko6+fRLevlw1HgMySw7f611UIY408EtxRSoK3Q==",
					"requires": {
						"js-tokens": "^3.0.0 || ^4.0.0"
					}
				},
				"object-assign": {
					"version": "4.1.1",
					"resolved": "https://registry.npmjs.org/object-assign/-/object-assign-4.1.1.tgz",
					"integrity": "sha1-IQmtx5ZYh8/AXLvUQsrIv7s2CGM="
				},
				"prop-types": {
					"version": "15.7.2",
					"resolved": "https://registry.npmjs.org/prop-types/-/prop-types-15.7.2.tgz",
					"integrity": "sha512-8QQikdH7//R2vurIJSutZ1smHYTcLpRWEOlHnzcWHmBYrOGUysKwSsrC89BCiFj3CbrfJ/nXFdJepOVrY1GCHQ==",
					"requires": {
						"loose-envify": "^1.4.0",
						"object-assign": "^4.1.1",
						"react-is": "^16.8.1"
					}
				},
				"react-is": {
					"version": "16.9.0",
					"resolved": "https://registry.npmjs.org/react-is/-/react-is-16.9.0.tgz",
					"integrity": "sha512-tJBzzzIgnnRfEm046qRcURvwQnZVXmuCbscxUO5RWrGTXpon2d4c8mI0D8WE6ydVIm29JiLB6+RslkIvym9Rjw=="
				}
			}
		},
		"@tds/shared-typography": {
			"version": "1.2.1",
			"resolved": "https://registry.npmjs.org/@tds/shared-typography/-/shared-typography-1.2.1.tgz",
			"integrity": "sha512-cckKEJYg9MtwUZkjkFZdDcR7Q/lL9uWWY7Hz/5h7DzkX/lEfWM+juKmZKqLv1GWKxpBGbLLL1YH9lkv/TDg7wQ=="
		}
	}
}
